// !$*UTF8*$!
{
	archiveVersion = 1;
	classes = {
	};
	objectVersion = 46;
	objects = {

/* Begin PBXBuildFile section */
		3DF94AA91D4C40420094B349 /* AppDelegate.swift in Sources */ = {isa = PBXBuildFile; fileRef = 3DF94AA81D4C40420094B349 /* AppDelegate.swift */; };
		3DF94AAB1D4C40420094B349 /* ViewController.swift in Sources */ = {isa = PBXBuildFile; fileRef = 3DF94AAA1D4C40420094B349 /* ViewController.swift */; };
		3DF94AAE1D4C40420094B349 /* Main.storyboard in Resources */ = {isa = PBXBuildFile; fileRef = 3DF94AAC1D4C40420094B349 /* Main.storyboard */; };
		3DF94AB01D4C40420094B349 /* Assets.xcassets in Resources */ = {isa = PBXBuildFile; fileRef = 3DF94AAF1D4C40420094B349 /* Assets.xcassets */; };
		3DF94AB31D4C40420094B349 /* LaunchScreen.storyboard in Resources */ = {isa = PBXBuildFile; fileRef = 3DF94AB11D4C40420094B349 /* LaunchScreen.storyboard */; };
		3DF94ABB1D4C404E0094B349 /* USAsyncBlockOperation.swift in Sources */ = {isa = PBXBuildFile; fileRef = 3DF94ABA1D4C404E0094B349 /* USAsyncBlockOperation.swift */; };
/* End PBXBuildFile section */

/* Begin PBXFileReference section */
		3DF94AA51D4C40420094B349 /* TestAsyncBlockOperation.app */ = {isa = PBXFileReference; explicitFileType = wrapper.application; includeInIndex = 0; path = TestAsyncBlockOperation.app; sourceTree = BUILT_PRODUCTS_DIR; };
		3DF94AA81D4C40420094B349 /* AppDelegate.swift */ = {isa = PBXFileReference; lastKnownFileType = sourcecode.swift; path = AppDelegate.swift; sourceTree = "<group>"; };
		3DF94AAA1D4C40420094B349 /* ViewController.swift */ = {isa = PBXFileReference; lastKnownFileType = sourcecode.swift; path = ViewController.swift; sourceTree = "<group>"; };
		3DF94AAD1D4C40420094B349 /* Base */ = {isa = PBXFileReference; lastKnownFileType = file.storyboard; name = Base; path = Base.lproj/Main.storyboard; sourceTree = "<group>"; };
		3DF94AAF1D4C40420094B349 /* Assets.xcassets */ = {isa = PBXFileReference; lastKnownFileType = folder.assetcatalog; path = Assets.xcassets; sourceTree = "<group>"; };
		3DF94AB21D4C40420094B349 /* Base */ = {isa = PBXFileReference; lastKnownFileType = file.storyboard; name = Base; path = Base.lproj/LaunchScreen.storyboard; sourceTree = "<group>"; };
		3DF94AB41D4C40420094B349 /* Info.plist */ = {isa = PBXFileReference; lastKnownFileType = text.plist.xml; path = Info.plist; sourceTree = "<group>"; };
		3DF94ABA1D4C404E0094B349 /* USAsyncBlockOperation.swift */ = {isa = PBXFileReference; fileEncoding = 4; lastKnownFileType = sourcecode.swift; path = USAsyncBlockOperation.swift; sourceTree = "<group>"; };
/* End PBXFileReference section */

/* Begin PBXFrameworksBuildPhase section */
		3DF94AA21D4C40420094B349 /* Frameworks */ = {
			isa = PBXFrameworksBuildPhase;
			buildActionMask = 2147483647;
			files = (
			);
			runOnlyForDeploymentPostprocessing = 0;
		};
/* End PBXFrameworksBuildPhase section */

/* Begin PBXGroup section */
		3DF94A9C1D4C40420094B349 = {
			isa = PBXGroup;
			children = (
				3DF94AA71D4C40420094B349 /* TestAsyncBlockOperation */,
				3DF94AA61D4C40420094B349 /* Products */,
			);
			sourceTree = "<group>";
		};
		3DF94AA61D4C40420094B349 /* Products */ = {
			isa = PBXGroup;
			children = (
				3DF94AA51D4C40420094B349 /* TestAsyncBlockOperation.app */,
			);
			name = Products;
			sourceTree = "<group>";
		};
		3DF94AA71D4C40420094B349 /* TestAsyncBlockOperation */ = {
			isa = PBXGroup;
			children = (
				3DF94ABA1D4C404E0094B349 /* USAsyncBlockOperation.swift */,
				3DF94AA81D4C40420094B349 /* AppDelegate.swift */,
				3DF94AAA1D4C40420094B349 /* ViewController.swift */,
				3DF94AAC1D4C40420094B349 /* Main.storyboard */,
				3DF94AAF1D4C40420094B349 /* Assets.xcassets */,
				3DF94AB11D4C40420094B349 /* LaunchScreen.storyboard */,
				3DF94AB41D4C40420094B349 /* Info.plist */,
			);
			path = TestAsyncBlockOperation;
			sourceTree = "<group>";
		};
/* End PBXGroup section */

/* Begin PBXNativeTarget section */
		3DF94AA41D4C40420094B349 /* TestAsyncBlockOperation */ = {
			isa = PBXNativeTarget;
			buildConfigurationList = 3DF94AB71D4C40420094B349 /* Build configuration list for PBXNativeTarget "TestAsyncBlockOperation" */;
			buildPhases = (
				3DF94AA11D4C40420094B349 /* Sources */,
				3DF94AA21D4C40420094B349 /* Frameworks */,
				3DF94AA31D4C40420094B349 /* Resources */,
			);
			buildRules = (
			);
			dependencies = (
			);
			name = TestAsyncBlockOperation;
			productName = TestAsyncBlockOperation;
			productReference = 3DF94AA51D4C40420094B349 /* TestAsyncBlockOperation.app */;
			productType = "com.apple.product-type.application";
		};
/* End PBXNativeTarget section */

/* Begin PBXProject section */
		3DF94A9D1D4C40420094B349 /* Project object */ = {
			isa = PBXProject;
			attributes = {
				LastSwiftUpdateCheck = 0730;
				LastUpgradeCheck = 0730;
				ORGANIZATIONNAME = "Ahmed Hamdy";
				TargetAttributes = {
					3DF94AA41D4C40420094B349 = {
						CreatedOnToolsVersion = 7.3;
					};
				};
			};
			buildConfigurationList = 3DF94AA01D4C40420094B349 /* Build configuration list for PBXProject "TestAsyncBlockOperation" */;
			compatibilityVersion = "Xcode 3.2";
			developmentRegion = English;
			hasScannedForEncodings = 0;
			knownRegions = (
				en,
				Base,
			);
			mainGroup = 3DF94A9C1D4C40420094B349;
			productRefGroup = 3DF94AA61D4C40420094B349 /* Products */;
			projectDirPath = "";
			projectRoot = "";
			targets = (
				3DF94AA41D4C40420094B349 /* TestAsyncBlockOperation */,
			);
		};
/* End PBXProject section */

/* Begin PBXResourcesBuildPhase section */
		3DF94AA31D4C40420094B349 /* Resources */ = {
			isa = PBXResourcesBuildPhase;
			buildActionMask = 2147483647;
			files = (
				3DF94AB31D4C40420094B349 /* LaunchScreen.storyboard in Resources */,
				3DF94AB01D4C40420094B349 /* Assets.xcassets in Resources */,
				3DF94AAE1D4C40420094B349 /* Main.storyboard in Resources */,
			);
			runOnlyForDeploymentPostprocessing = 0;
		};
/* End PBXResourcesBuildPhase section */

/* Begin PBXSourcesBuildPhase section */
		3DF94AA11D4C40420094B349 /* Sources */ = {
			isa = PBXSourcesBuildPhase;
			buildActionMask = 2147483647;
			files = (
				3DF94AAB1D4C40420094B349 /* ViewController.swift in Sources */,
				3DF94AA91D4C40420094B349 /* AppDelegate.swift in Sources */,
				3DF94ABB1D4C404E0094B349 /* USAsyncBlockOperation.swift in Sources */,
			);
			runOnlyForDeploymentPostprocessing = 0;
		};
/* End PBXSourcesBuildPhase section */

/* Begin PBXVariantGroup section */
		3DF94AAC1D4C40420094B349 /* Main.storyboard */ = {
			isa = PBXVariantGroup;
			children = (
				3DF94AAD1D4C40420094B349 /* Base */,
			);
			name = Main.storyboard;
			sourceTree = "<group>";
		};
		3DF94AB11D4C40420094B349 /* LaunchScreen.storyboard */ = {
			isa = PBXVariantGroup;
			children = (
				3DF94AB21D4C40420094B349 /* Base */,
			);
			name = LaunchScreen.storyboard;
			sourceTree = "<group>";
		};
/* End PBXVariantGroup section */

/* Begin XCBuildConfiguration section */
		3DF94AB51D4C40420094B349 /* Debug */ = {
			isa = XCBuildConfiguration;
			buildSettings = {
				ALWAYS_SEARCH_USER_PATHS = NO;
				CLANG_ANALYZER_NONNULL = YES;
				CLANG_CXX_LANGUAGE_STANDARD = "gnu++0x";
				CLANG_CXX_LIBRARY = "libc++";
				CLANG_ENABLE_MODULES = YES;
				CLANG_ENABLE_OBJC_ARC = YES;
				CLANG_WARN_BOOL_CONVERSION = YES;
				CLANG_WARN_CONSTANT_CONVERSION = YES;
				CLANG_WARN_DIRECT_OBJC_ISA_USAGE = YES_ERROR;
				CLANG_WARN_EMPTY_BODY = YES;
				CLANG_WARN_ENUM_CONVERSION = YES;
				CLANG_WARN_INT_CONVERSION = YES;
				CLANG_WARN_OBJC_ROOT_CLASS = YES_ERROR;
				CLANG_WARN_UNREACHABLE_CODE = YES;
				CLANG_WARN__DUPLICATE_METHOD_MATCH = YES;
				"CODE_SIGN_IDENTITY[sdk=iphoneos*]" = "iPhone Developer";
				COPY_PHASE_STRIP = NO;
				DEBUG_INFORMATION_FORMAT = dwarf;
				ENABLE_STRICT_OBJC_MSGSEND = YES;
				ENABLE_TESTABILITY = YES;
				GCC_C_LANGUAGE_STANDARD = gnu99;
				GCC_DYNAMIC_NO_PIC = NO;
				GCC_NO_COMMON_BLOCKS = YES;
				GCC_OPTIMIZATION_LEVEL = 0;
				GCC_PREPROCESSOR_DEFINITIONS = (
					"DEBUG=1",
					"$(inherited)",
				);
				GCC_WARN_64_TO_32_BIT_CONVERSION = YES;
				GCC_WARN_ABOUT_RETURN_TYPE = YES_ERROR;
				GCC_WARN_UNDECLARED_SELECTOR = YES;
				GCC_WARN_UNINITIALIZED_AUTOS = YES_AGGRESSIVE;
				GCC_WARN_UNUSED_FUNCTION = YES;
				GCC_WARN_UNUSED_VARIABLE = YES;
				IPHONEOS_DEPLOYMENT_TARGET = 9.3;
				MTL_ENABLE_DEBUG_INFO = YES;
				ONLY_ACTIVE_ARCH = YES;
				SDKROOT = iphoneos;
				SWIFT_OPTIMIZATION_LEVEL = "-Onone";
			};
			name = Debug;
		};
		3DF94AB61D4C40420094B349 /* Release */ = {
			isa = XCBuildConfiguration;
			buildSettings = {
				ALWAYS_SEARCH_USER_PATHS = NO;
				CLANG_ANALYZER_NONNULL = YES;
				CLANG_CXX_LANGUAGE_STANDARD = "gnu++0x";
				CLANG_CXX_LIBRARY = "libc++";
				CLANG_ENABLE_MODULES = YES;
				CLANG_ENABLE_OBJC_ARC = YES;
				CLANG_WARN_BOOL_CONVERSION = YES;
				CLANG_WARN_CONSTANT_CONVERSION = YES;
				CLANG_WARN_DIRECT_OBJC_ISA_USAGE = YES_ERROR;
				CLANG_WARN_EMPTY_BODY = YES;
				CLANG_WARN_ENUM_CONVERSION = YES;
				CLANG_WARN_INT_CONVERSION = YES;
				CLANG_WARN_OBJC_ROOT_CLASS = YES_ERROR;
				CLANG_WARN_UNREACHABLE_CODE = YES;
				CLANG_WARN__DUPLICATE_METHOD_MATCH = YES;
				"CODE_SIGN_IDENTITY[sdk=iphoneos*]" = "iPhone Developer";
				COPY_PHASE_STRIP = NO;
				DEBUG_INFORMATION_FORMAT = "dwarf-with-dsym";
				ENABLE_NS_ASSERTIONS = NO;
				ENABLE_STRICT_OBJC_MSGSEND = YES;
				GCC_C_LANGUAGE_STANDARD = gnu99;
				GCC_NO_COMMON_BLOCKS = YES;
				GCC_WARN_64_TO_32_BIT_CONVERSION = YES;
				GCC_WARN_ABOUT_RETURN_TYPE = YES_ERROR;
				GCC_WARN_UNDECLARED_SELECTOR = YES;
				GCC_WARN_UNINITIALIZED_AUTOS = YES_AGGRESSIVE;
				GCC_WARN_UNUSED_FUNCTION = YES;
				GCC_WARN_UNUSED_VARIABLE = YES;
				IPHONEOS_DEPLOYMENT_TARGET = 9.3;
				MTL_ENABLE_DEBUG_INFO = NO;
				SDKROOT = iphoneos;
				VALIDATE_PRODUCT = YES;
			};
			name = Release;
		};
		3DF94AB81D4C40420094B349 /* Debug */ = {
			isa = XCBuildConfiguration;
			buildSettings = {
				ASSETCATALOG_COMPILER_APPICON_NAME = AppIcon;
				INFOPLIST_FILE = TestAsyncBlockOperation/Info.plist;
				LD_RUNPATH_SEARCH_PATHS = "$(inherited) @executable_path/Frameworks";
				PRODUCT_BUNDLE_IDENTIFIER = dimo.hamdy.TestAsyncBlockOperation;
				PRODUCT_NAME = "$(TARGET_NAME)";
			};
			name = Debug;
		};
		3DF94AB91D4C40420094B349 /* Release */ = {
			isa = XCBuildConfiguration;
			buildSettings = {
				ASSETCATALOG_COMPILER_APPICON_NAME = AppIcon;
				INFOPLIST_FILE = TestAsyncBlockOperation/Info.plist;
				LD_RUNPATH_SEARCH_PATHS = "$(inherited) @executable_path/Frameworks";
				PRODUCT_BUNDLE_IDENTIFIER = dimo.hamdy.TestAsyncBlockOperation;
				PRODUCT_NAME = "$(TARGET_NAME)";
			};
			name = Release;
		};
/* End XCBuildConfiguration section */

/* Begin XCConfigurationList section */
		3DF94AA01D4C40420094B349 /* Build configuration list for PBXProject "TestAsyncBlockOperation" */ = {
			isa = XCConfigurationList;
			buildConfigurations = (
				3DF94AB51D4C40420094B349 /* Debug */,
				3DF94AB61D4C40420094B349 /* Release */,
			);
			defaultConfigurationIsVisible = 0;
			defaultConfigurationName = Release;
		};
		3DF94AB71D4C40420094B349 /* Build configuration list for PBXNativeTarget "TestAsyncBlockOperation" */ = {
			isa = XCConfigurationList;
			buildConfigurations = (
				3DF94AB81D4C40420094B349 /* Debug */,
				3DF94AB91D4C40420094B349 /* Release */,
			);
			defaultConfigurationIsVisible = 0;
		};
/* End XCConfigurationList section */
	};
	rootObject = 3DF94A9D1D4C40420094B349 /* Project object */;
}
